
Microsoft Visual Studio Solution File, Format Version 12.00
# Visual Studio Version 17
VisualStudioVersion = 17.4.33122.133
MinimumVisualStudioVersion = 10.0.40219.1
Project("{FAE04EC0-301F-11D3-BF4B-00C04F79EFBC}") = "QuickSort", "QuickSort.csproj", "{CE569644-5EB5-43F9-82BB-20932E63F381}"
EndProject
Global
	GlobalSection(SolutionConfigurationPlatforms) = preSolution
		Debug|Any CPU = Debug|Any CPU
		Release|Any CPU = Release|Any CPU
	EndGlobalSection
	GlobalSection(ProjectConfigurationPlatforms) = postSolution
		{CE569644-5EB5-43F9-82BB-20932E63F381}.Debug|Any CPU.ActiveCfg = Debug|Any CPU
		{CE569644-5EB5-43F9-82BB-20932E63F381}.Debug|Any CPU.Build.0 = Debug|Any CPU
		{CE569644-5EB5-43F9-82BB-20932E63F381}.Release|Any CPU.ActiveCfg = Release|Any CPU
		{CE569644-5EB5-43F9-82BB-20932E63F381}.Release|Any CPU.Build.0 = Release|Any CPU
	EndGlobalSection
	GlobalSection(SolutionProperties) = preSolution
		HideSolutionNode = FALSE
	EndGlobalSection
	GlobalSection(ExtensibilityGlobals) = postSolution
		SolutionGuid = {40AC0E31-1E70-48CD-BA16-F78A931132B5}
	EndGlobalSection
EndGlobal
